# generated by rye
# use `rye lock` or `rye sync` to update this lockfile
#
# last locked with the following flags:
#   pre: false
#   features: []
#   all-features: false
#   with-sources: false

-e file:.
aiohttp==3.9.3
    # via python-socketio
aiosignal==1.3.1
    # via aiohttp
asyncio==3.4.3
    # via pythonclient
attrs==23.2.0
    # via aiohttp
bidict==0.23.1
    # via python-socketio
frozenlist==1.4.1
    # via aiohttp
    # via aiosignal
h11==0.14.0
    # via wsproto
idna==3.6
    # via yarl
multidict==6.0.5
    # via aiohttp
    # via yarl
python-engineio==4.9.0
    # via python-socketio
python-socketio==5.11.1
    # via python-socketio
    # via pythonclient
simple-websocket==1.0.0
    # via python-engineio
wsproto==1.2.0
    # via simple-websocket
yarl==1.9.4
    # via aiohttp
