# generated by rye
# use `rye lock` or `rye sync` to update this lockfile
#
# last locked with the following flags:
#   pre: false
#   features: []
#   all-features: false
#   with-sources: false

-e file:.
argparse==1.4.0
    # via pythonclient
bidict==0.22.1
    # via python-socketio
colorama==0.4.6
    # via logzero
dacite==1.8.1
    # via pythonclient
h11==0.14.0
    # via wsproto
jsondiff==2.0.0
    # via pythonclient
logzero==1.7.0
    # via pythonclient
python-engineio==4.9.0
    # via python-socketio
python-socketio==5.11.0
    # via pythonclient
simple-websocket==1.0.0
    # via python-engineio
typing==3.7.4.3
    # via pythonclient
typing-extensions==4.7.1
    # via h11
wsproto==1.2.0
    # via simple-websocket
